// !$*UTF8*$!
{
	archiveVersion = 1;
	classes = {
	};
	objectVersion = 51;
	objects = {

/* Begin PBXBuildFile section */
		27E4BF697717F8CEA0AC273A /* Pods_weather_practice_weather_practiceUITests.framework in Frameworks */ = {isa = PBXBuildFile; fileRef = 2AFA468A4003DC2DE733FD10 /* Pods_weather_practice_weather_practiceUITests.framework */; };
		3445112C23F46887007F02A7 /* WeatherAPI.swift in Sources */ = {isa = PBXBuildFile; fileRef = 3445112B23F46887007F02A7 /* WeatherAPI.swift */; };
		34E055F323F45769006E53E0 /* AppDelegate.swift in Sources */ = {isa = PBXBuildFile; fileRef = 34E055F223F45769006E53E0 /* AppDelegate.swift */; };
		34E055F523F45769006E53E0 /* SceneDelegate.swift in Sources */ = {isa = PBXBuildFile; fileRef = 34E055F423F45769006E53E0 /* SceneDelegate.swift */; };
		34E055F723F45769006E53E0 /* ViewController.swift in Sources */ = {isa = PBXBuildFile; fileRef = 34E055F623F45769006E53E0 /* ViewController.swift */; };
		34E055FA23F45769006E53E0 /* Main.storyboard in Resources */ = {isa = PBXBuildFile; fileRef = 34E055F823F45769006E53E0 /* Main.storyboard */; };
		34E055FC23F4576C006E53E0 /* Assets.xcassets in Resources */ = {isa = PBXBuildFile; fileRef = 34E055FB23F4576C006E53E0 /* Assets.xcassets */; };
		34E055FF23F4576C006E53E0 /* LaunchScreen.storyboard in Resources */ = {isa = PBXBuildFile; fileRef = 34E055FD23F4576C006E53E0 /* LaunchScreen.storyboard */; };
		34E0560A23F4576D006E53E0 /* weather_practiceTests.swift in Sources */ = {isa = PBXBuildFile; fileRef = 34E0560923F4576D006E53E0 /* weather_practiceTests.swift */; };
		34E0561523F4576D006E53E0 /* weather_practiceUITests.swift in Sources */ = {isa = PBXBuildFile; fileRef = 34E0561423F4576D006E53E0 /* weather_practiceUITests.swift */; };
		76153D6160FAA027E4799A79 /* Pods_weather_practice.framework in Frameworks */ = {isa = PBXBuildFile; fileRef = 021FBE090CE5F41C13E1F7CD /* Pods_weather_practice.framework */; };
		8D0CC2B2A5B4B49BA4EFB2C8 /* Pods_weather_practiceTests.framework in Frameworks */ = {isa = PBXBuildFile; fileRef = 289B92FEA88B888E0413096D /* Pods_weather_practiceTests.framework */; };
/* End PBXBuildFile section */

/* Begin PBXContainerItemProxy section */
		34E0560623F4576D006E53E0 /* PBXContainerItemProxy */ = {
			isa = PBXContainerItemProxy;
			containerPortal = 34E055E723F45769006E53E0 /* Project object */;
			proxyType = 1;
			remoteGlobalIDString = 34E055EE23F45769006E53E0;
			remoteInfo = "weather-practice";
		};
		34E0561123F4576D006E53E0 /* PBXContainerItemProxy */ = {
			isa = PBXContainerItemProxy;
			containerPortal = 34E055E723F45769006E53E0 /* Project object */;
			proxyType = 1;
			remoteGlobalIDString = 34E055EE23F45769006E53E0;
			remoteInfo = "weather-practice";
		};
/* End PBXContainerItemProxy section */

/* Begin PBXFileReference section */
		021FBE090CE5F41C13E1F7CD /* Pods_weather_practice.framework */ = {isa = PBXFileReference; explicitFileType = wrapper.framework; includeInIndex = 0; path = Pods_weather_practice.framework; sourceTree = BUILT_PRODUCTS_DIR; };
		0676FBA580D7F6F337D42051 /* Pods-weather-practice.release.xcconfig */ = {isa = PBXFileReference; includeInIndex = 1; lastKnownFileType = text.xcconfig; name = "Pods-weather-practice.release.xcconfig"; path = "Target Support Files/Pods-weather-practice/Pods-weather-practice.release.xcconfig"; sourceTree = "<group>"; };
		289B92FEA88B888E0413096D /* Pods_weather_practiceTests.framework */ = {isa = PBXFileReference; explicitFileType = wrapper.framework; includeInIndex = 0; path = Pods_weather_practiceTests.framework; sourceTree = BUILT_PRODUCTS_DIR; };
		2AFA468A4003DC2DE733FD10 /* Pods_weather_practice_weather_practiceUITests.framework */ = {isa = PBXFileReference; explicitFileType = wrapper.framework; includeInIndex = 0; path = Pods_weather_practice_weather_practiceUITests.framework; sourceTree = BUILT_PRODUCTS_DIR; };
		3445112B23F46887007F02A7 /* WeatherAPI.swift */ = {isa = PBXFileReference; lastKnownFileType = sourcecode.swift; path = WeatherAPI.swift; sourceTree = "<group>"; };
		34E055EF23F45769006E53E0 /* weather-practice.app */ = {isa = PBXFileReference; explicitFileType = wrapper.application; includeInIndex = 0; path = "weather-practice.app"; sourceTree = BUILT_PRODUCTS_DIR; };
		34E055F223F45769006E53E0 /* AppDelegate.swift */ = {isa = PBXFileReference; lastKnownFileType = sourcecode.swift; path = AppDelegate.swift; sourceTree = "<group>"; };
		34E055F423F45769006E53E0 /* SceneDelegate.swift */ = {isa = PBXFileReference; lastKnownFileType = sourcecode.swift; path = SceneDelegate.swift; sourceTree = "<group>"; };
		34E055F623F45769006E53E0 /* ViewController.swift */ = {isa = PBXFileReference; lastKnownFileType = sourcecode.swift; path = ViewController.swift; sourceTree = "<group>"; };
		34E055F923F45769006E53E0 /* Base */ = {isa = PBXFileReference; lastKnownFileType = file.storyboard; name = Base; path = Base.lproj/Main.storyboard; sourceTree = "<group>"; };
		34E055FB23F4576C006E53E0 /* Assets.xcassets */ = {isa = PBXFileReference; lastKnownFileType = folder.assetcatalog; path = Assets.xcassets; sourceTree = "<group>"; };
		34E055FE23F4576C006E53E0 /* Base */ = {isa = PBXFileReference; lastKnownFileType = file.storyboard; name = Base; path = Base.lproj/LaunchScreen.storyboard; sourceTree = "<group>"; };
		34E0560023F4576C006E53E0 /* Info.plist */ = {isa = PBXFileReference; lastKnownFileType = text.plist.xml; path = Info.plist; sourceTree = "<group>"; };
		34E0560523F4576D006E53E0 /* weather-practiceTests.xctest */ = {isa = PBXFileReference; explicitFileType = wrapper.cfbundle; includeInIndex = 0; path = "weather-practiceTests.xctest"; sourceTree = BUILT_PRODUCTS_DIR; };
		34E0560923F4576D006E53E0 /* weather_practiceTests.swift */ = {isa = PBXFileReference; lastKnownFileType = sourcecode.swift; path = weather_practiceTests.swift; sourceTree = "<group>"; };
		34E0560B23F4576D006E53E0 /* Info.plist */ = {isa = PBXFileReference; lastKnownFileType = text.plist.xml; path = Info.plist; sourceTree = "<group>"; };
		34E0561023F4576D006E53E0 /* weather-practiceUITests.xctest */ = {isa = PBXFileReference; explicitFileType = wrapper.cfbundle; includeInIndex = 0; path = "weather-practiceUITests.xctest"; sourceTree = BUILT_PRODUCTS_DIR; };
		34E0561423F4576D006E53E0 /* weather_practiceUITests.swift */ = {isa = PBXFileReference; lastKnownFileType = sourcecode.swift; path = weather_practiceUITests.swift; sourceTree = "<group>"; };
		34E0561623F4576D006E53E0 /* Info.plist */ = {isa = PBXFileReference; lastKnownFileType = text.plist.xml; path = Info.plist; sourceTree = "<group>"; };
		43F35C4345EADB5086C34AA6 /* Pods-weather-practice.debug.xcconfig */ = {isa = PBXFileReference; includeInIndex = 1; lastKnownFileType = text.xcconfig; name = "Pods-weather-practice.debug.xcconfig"; path = "Target Support Files/Pods-weather-practice/Pods-weather-practice.debug.xcconfig"; sourceTree = "<group>"; };
		636770F812D73EBD87ACADAA /* Pods-weather-practice-weather-practiceUITests.release.xcconfig */ = {isa = PBXFileReference; includeInIndex = 1; lastKnownFileType = text.xcconfig; name = "Pods-weather-practice-weather-practiceUITests.release.xcconfig"; path = "Target Support Files/Pods-weather-practice-weather-practiceUITests/Pods-weather-practice-weather-practiceUITests.release.xcconfig"; sourceTree = "<group>"; };
		7316D1BCDE59F5BCD9A107D6 /* Pods-weather-practiceTests.release.xcconfig */ = {isa = PBXFileReference; includeInIndex = 1; lastKnownFileType = text.xcconfig; name = "Pods-weather-practiceTests.release.xcconfig"; path = "Target Support Files/Pods-weather-practiceTests/Pods-weather-practiceTests.release.xcconfig"; sourceTree = "<group>"; };
		D6B1976D430824DED1A8FF91 /* Pods-weather-practiceTests.debug.xcconfig */ = {isa = PBXFileReference; includeInIndex = 1; lastKnownFileType = text.xcconfig; name = "Pods-weather-practiceTests.debug.xcconfig"; path = "Target Support Files/Pods-weather-practiceTests/Pods-weather-practiceTests.debug.xcconfig"; sourceTree = "<group>"; };
		DCAA160467CE46CEC9AF3817 /* Pods-weather-practice-weather-practiceUITests.debug.xcconfig */ = {isa = PBXFileReference; includeInIndex = 1; lastKnownFileType = text.xcconfig; name = "Pods-weather-practice-weather-practiceUITests.debug.xcconfig"; path = "Target Support Files/Pods-weather-practice-weather-practiceUITests/Pods-weather-practice-weather-practiceUITests.debug.xcconfig"; sourceTree = "<group>"; };
/* End PBXFileReference section */

/* Begin PBXFrameworksBuildPhase section */
		34E055EC23F45769006E53E0 /* Frameworks */ = {
			isa = PBXFrameworksBuildPhase;
			buildActionMask = 2147483647;
			files = (
				76153D6160FAA027E4799A79 /* Pods_weather_practice.framework in Frameworks */,
			);
			runOnlyForDeploymentPostprocessing = 0;
		};
		34E0560223F4576D006E53E0 /* Frameworks */ = {
			isa = PBXFrameworksBuildPhase;
			buildActionMask = 2147483647;
			files = (
				8D0CC2B2A5B4B49BA4EFB2C8 /* Pods_weather_practiceTests.framework in Frameworks */,
			);
			runOnlyForDeploymentPostprocessing = 0;
		};
		34E0560D23F4576D006E53E0 /* Frameworks */ = {
			isa = PBXFrameworksBuildPhase;
			buildActionMask = 2147483647;
			files = (
				27E4BF697717F8CEA0AC273A /* Pods_weather_practice_weather_practiceUITests.framework in Frameworks */,
			);
			runOnlyForDeploymentPostprocessing = 0;
		};
/* End PBXFrameworksBuildPhase section */

/* Begin PBXGroup section */
		34E055E623F45769006E53E0 = {
			isa = PBXGroup;
			children = (
				34E055F123F45769006E53E0 /* weather-practice */,
				34E0560823F4576D006E53E0 /* weather-practiceTests */,
				34E0561323F4576D006E53E0 /* weather-practiceUITests */,
				34E055F023F45769006E53E0 /* Products */,
				E70A3B541B49F87970818123 /* Pods */,
				72AD41F7CBF97BB0279762E7 /* Frameworks */,
			);
			sourceTree = "<group>";
		};
		34E055F023F45769006E53E0 /* Products */ = {
			isa = PBXGroup;
			children = (
				34E055EF23F45769006E53E0 /* weather-practice.app */,
				34E0560523F4576D006E53E0 /* weather-practiceTests.xctest */,
				34E0561023F4576D006E53E0 /* weather-practiceUITests.xctest */,
			);
			name = Products;
			sourceTree = "<group>";
		};
		34E055F123F45769006E53E0 /* weather-practice */ = {
			isa = PBXGroup;
			children = (
				34E055F223F45769006E53E0 /* AppDelegate.swift */,
				34E055F423F45769006E53E0 /* SceneDelegate.swift */,
				34E055F623F45769006E53E0 /* ViewController.swift */,
				34E055F823F45769006E53E0 /* Main.storyboard */,
				34E055FB23F4576C006E53E0 /* Assets.xcassets */,
				34E055FD23F4576C006E53E0 /* LaunchScreen.storyboard */,
				34E0560023F4576C006E53E0 /* Info.plist */,
				3445112B23F46887007F02A7 /* WeatherAPI.swift */,
			);
			path = "weather-practice";
			sourceTree = "<group>";
		};
		34E0560823F4576D006E53E0 /* weather-practiceTests */ = {
			isa = PBXGroup;
			children = (
				34E0560923F4576D006E53E0 /* weather_practiceTests.swift */,
				34E0560B23F4576D006E53E0 /* Info.plist */,
			);
			path = "weather-practiceTests";
			sourceTree = "<group>";
		};
		34E0561323F4576D006E53E0 /* weather-practiceUITests */ = {
			isa = PBXGroup;
			children = (
				34E0561423F4576D006E53E0 /* weather_practiceUITests.swift */,
				34E0561623F4576D006E53E0 /* Info.plist */,
			);
			path = "weather-practiceUITests";
			sourceTree = "<group>";
		};
		72AD41F7CBF97BB0279762E7 /* Frameworks */ = {
			isa = PBXGroup;
			children = (
				021FBE090CE5F41C13E1F7CD /* Pods_weather_practice.framework */,
				2AFA468A4003DC2DE733FD10 /* Pods_weather_practice_weather_practiceUITests.framework */,
				289B92FEA88B888E0413096D /* Pods_weather_practiceTests.framework */,
			);
			name = Frameworks;
			sourceTree = "<group>";
		};
		E70A3B541B49F87970818123 /* Pods */ = {
			isa = PBXGroup;
			children = (
				43F35C4345EADB5086C34AA6 /* Pods-weather-practice.debug.xcconfig */,
				0676FBA580D7F6F337D42051 /* Pods-weather-practice.release.xcconfig */,
				DCAA160467CE46CEC9AF3817 /* Pods-weather-practice-weather-practiceUITests.debug.xcconfig */,
				636770F812D73EBD87ACADAA /* Pods-weather-practice-weather-practiceUITests.release.xcconfig */,
				D6B1976D430824DED1A8FF91 /* Pods-weather-practiceTests.debug.xcconfig */,
				7316D1BCDE59F5BCD9A107D6 /* Pods-weather-practiceTests.release.xcconfig */,
			);
			path = Pods;
			sourceTree = "<group>";
		};
/* End PBXGroup section */

/* Begin PBXNativeTarget section */
		34E055EE23F45769006E53E0 /* weather-practice */ = {
			isa = PBXNativeTarget;
			buildConfigurationList = 34E0561923F4576D006E53E0 /* Build configuration list for PBXNativeTarget "weather-practice" */;
			buildPhases = (
				3667374C78FF2405EF794BD7 /* [CP] Check Pods Manifest.lock */,
				34E055EB23F45769006E53E0 /* Sources */,
				34E055EC23F45769006E53E0 /* Frameworks */,
				34E055ED23F45769006E53E0 /* Resources */,
				DB9AE11132AAF8B25ED56F32 /* [CP] Embed Pods Frameworks */,
			);
			buildRules = (
			);
			dependencies = (
			);
			name = "weather-practice";
			productName = "weather-practice";
			productReference = 34E055EF23F45769006E53E0 /* weather-practice.app */;
			productType = "com.apple.product-type.application";
		};
		34E0560423F4576D006E53E0 /* weather-practiceTests */ = {
			isa = PBXNativeTarget;
			buildConfigurationList = 34E0561C23F4576D006E53E0 /* Build configuration list for PBXNativeTarget "weather-practiceTests" */;
			buildPhases = (
				2F6DA0227D8E0DFB7EB84C27 /* [CP] Check Pods Manifest.lock */,
				34E0560123F4576D006E53E0 /* Sources */,
				34E0560223F4576D006E53E0 /* Frameworks */,
				34E0560323F4576D006E53E0 /* Resources */,
			);
			buildRules = (
			);
			dependencies = (
				34E0560723F4576D006E53E0 /* PBXTargetDependency */,
			);
			name = "weather-practiceTests";
			productName = "weather-practiceTests";
			productReference = 34E0560523F4576D006E53E0 /* weather-practiceTests.xctest */;
			productType = "com.apple.product-type.bundle.unit-test";
		};
		34E0560F23F4576D006E53E0 /* weather-practiceUITests */ = {
			isa = PBXNativeTarget;
			buildConfigurationList = 34E0561F23F4576D006E53E0 /* Build configuration list for PBXNativeTarget "weather-practiceUITests" */;
			buildPhases = (
				16A9E9EFC2B0AC9B6789E2EB /* [CP] Check Pods Manifest.lock */,
				34E0560C23F4576D006E53E0 /* Sources */,
				34E0560D23F4576D006E53E0 /* Frameworks */,
				34E0560E23F4576D006E53E0 /* Resources */,
				AFAA9078A9F5EAFEB123E815 /* [CP] Embed Pods Frameworks */,
			);
			buildRules = (
			);
			dependencies = (
				34E0561223F4576D006E53E0 /* PBXTargetDependency */,
			);
			name = "weather-practiceUITests";
			productName = "weather-practiceUITests";
			productReference = 34E0561023F4576D006E53E0 /* weather-practiceUITests.xctest */;
			productType = "com.apple.product-type.bundle.ui-testing";
		};
/* End PBXNativeTarget section */

/* Begin PBXProject section */
		34E055E723F45769006E53E0 /* Project object */ = {
			isa = PBXProject;
			attributes = {
				LastSwiftUpdateCheck = 1130;
				LastUpgradeCheck = 1130;
				ORGANIZATIONNAME = "Nifty Tree Studios";
				TargetAttributes = {
					34E055EE23F45769006E53E0 = {
						CreatedOnToolsVersion = 11.3.1;
					};
					34E0560423F4576D006E53E0 = {
						CreatedOnToolsVersion = 11.3.1;
						TestTargetID = 34E055EE23F45769006E53E0;
					};
					34E0560F23F4576D006E53E0 = {
						CreatedOnToolsVersion = 11.3.1;
						TestTargetID = 34E055EE23F45769006E53E0;
					};
				};
			};
			buildConfigurationList = 34E055EA23F45769006E53E0 /* Build configuration list for PBXProject "weather-practice" */;
			compatibilityVersion = "Xcode 9.3";
			developmentRegion = en;
			hasScannedForEncodings = 0;
			knownRegions = (
				en,
				Base,
			);
			mainGroup = 34E055E623F45769006E53E0;
			productRefGroup = 34E055F023F45769006E53E0 /* Products */;
			projectDirPath = "";
			projectRoot = "";
			targets = (
				34E055EE23F45769006E53E0 /* weather-practice */,
				34E0560423F4576D006E53E0 /* weather-practiceTests */,
				34E0560F23F4576D006E53E0 /* weather-practiceUITests */,
			);
		};
/* End PBXProject section */

/* Begin PBXResourcesBuildPhase section */
		34E055ED23F45769006E53E0 /* Resources */ = {
			isa = PBXResourcesBuildPhase;
			buildActionMask = 2147483647;
			files = (
				34E055FF23F4576C006E53E0 /* LaunchScreen.storyboard in Resources */,
				34E055FC23F4576C006E53E0 /* Assets.xcassets in Resources */,
				34E055FA23F45769006E53E0 /* Main.storyboard in Resources */,
			);
			runOnlyForDeploymentPostprocessing = 0;
		};
		34E0560323F4576D006E53E0 /* Resources */ = {
			isa = PBXResourcesBuildPhase;
			buildActionMask = 2147483647;
			files = (
			);
			runOnlyForDeploymentPostprocessing = 0;
		};
		34E0560E23F4576D006E53E0 /* Resources */ = {
			isa = PBXResourcesBuildPhase;
			buildActionMask = 2147483647;
			files = (
			);
			runOnlyForDeploymentPostprocessing = 0;
		};
/* End PBXResourcesBuildPhase section */

/* Begin PBXShellScriptBuildPhase section */
		16A9E9EFC2B0AC9B6789E2EB /* [CP] Check Pods Manifest.lock */ = {
			isa = PBXShellScriptBuildPhase;
			buildActionMask = 2147483647;
			files = (
			);
			inputFileListPaths = (
			);
			inputPaths = (
				"${PODS_PODFILE_DIR_PATH}/Podfile.lock",
				"${PODS_ROOT}/Manifest.lock",
			);
			name = "[CP] Check Pods Manifest.lock";
			outputFileListPaths = (
			);
			outputPaths = (
				"$(DERIVED_FILE_DIR)/Pods-weather-practice-weather-practiceUITests-checkManifestLockResult.txt",
			);
			runOnlyForDeploymentPostprocessing = 0;
			shellPath = /bin/sh;
			shellScript = "diff \"${PODS_PODFILE_DIR_PATH}/Podfile.lock\" \"${PODS_ROOT}/Manifest.lock\" > /dev/null\nif [ $? != 0 ] ; then\n    # print error to STDERR\n    echo \"error: The sandbox is not in sync with the Podfile.lock. Run 'pod install' or update your CocoaPods installation.\" >&2\n    exit 1\nfi\n# This output is used by Xcode 'outputs' to avoid re-running this script phase.\necho \"SUCCESS\" > \"${SCRIPT_OUTPUT_FILE_0}\"\n";
			showEnvVarsInLog = 0;
		};
		2F6DA0227D8E0DFB7EB84C27 /* [CP] Check Pods Manifest.lock */ = {
			isa = PBXShellScriptBuildPhase;
			buildActionMask = 2147483647;
			files = (
			);
			inputFileListPaths = (
			);
			inputPaths = (
				"${PODS_PODFILE_DIR_PATH}/Podfile.lock",
				"${PODS_ROOT}/Manifest.lock",
			);
			name = "[CP] Check Pods Manifest.lock";
			outputFileListPaths = (
			);
			outputPaths = (
				"$(DERIVED_FILE_DIR)/Pods-weather-practiceTests-checkManifestLockResult.txt",
			);
			runOnlyForDeploymentPostprocessing = 0;
			shellPath = /bin/sh;
			shellScript = "diff \"${PODS_PODFILE_DIR_PATH}/Podfile.lock\" \"${PODS_ROOT}/Manifest.lock\" > /dev/null\nif [ $? != 0 ] ; then\n    # print error to STDERR\n    echo \"error: The sandbox is not in sync with the Podfile.lock. Run 'pod install' or update your CocoaPods installation.\" >&2\n    exit 1\nfi\n# This output is used by Xcode 'outputs' to avoid re-running this script phase.\necho \"SUCCESS\" > \"${SCRIPT_OUTPUT_FILE_0}\"\n";
			showEnvVarsInLog = 0;
		};
		3667374C78FF2405EF794BD7 /* [CP] Check Pods Manifest.lock */ = {
			isa = PBXShellScriptBuildPhase;
			buildActionMask = 2147483647;
			files = (
			);
			inputFileListPaths = (
			);
			inputPaths = (
				"${PODS_PODFILE_DIR_PATH}/Podfile.lock",
				"${PODS_ROOT}/Manifest.lock",
			);
			name = "[CP] Check Pods Manifest.lock";
			outputFileListPaths = (
			);
			outputPaths = (
				"$(DERIVED_FILE_DIR)/Pods-weather-practice-checkManifestLockResult.txt",
			);
			runOnlyForDeploymentPostprocessing = 0;
			shellPath = /bin/sh;
			shellScript = "diff \"${PODS_PODFILE_DIR_PATH}/Podfile.lock\" \"${PODS_ROOT}/Manifest.lock\" > /dev/null\nif [ $? != 0 ] ; then\n    # print error to STDERR\n    echo \"error: The sandbox is not in sync with the Podfile.lock. Run 'pod install' or update your CocoaPods installation.\" >&2\n    exit 1\nfi\n# This output is used by Xcode 'outputs' to avoid re-running this script phase.\necho \"SUCCESS\" > \"${SCRIPT_OUTPUT_FILE_0}\"\n";
			showEnvVarsInLog = 0;
		};
		AFAA9078A9F5EAFEB123E815 /* [CP] Embed Pods Frameworks */ = {
			isa = PBXShellScriptBuildPhase;
			buildActionMask = 2147483647;
			files = (
			);
			inputFileListPaths = (
				"${PODS_ROOT}/Target Support Files/Pods-weather-practice-weather-practiceUITests/Pods-weather-practice-weather-practiceUITests-frameworks-${CONFIGURATION}-input-files.xcfilelist",
			);
			name = "[CP] Embed Pods Frameworks";
			outputFileListPaths = (
				"${PODS_ROOT}/Target Support Files/Pods-weather-practice-weather-practiceUITests/Pods-weather-practice-weather-practiceUITests-frameworks-${CONFIGURATION}-output-files.xcfilelist",
			);
			runOnlyForDeploymentPostprocessing = 0;
			shellPath = /bin/sh;
			shellScript = "\"${PODS_ROOT}/Target Support Files/Pods-weather-practice-weather-practiceUITests/Pods-weather-practice-weather-practiceUITests-frameworks.sh\"\n";
			showEnvVarsInLog = 0;
		};
		DB9AE11132AAF8B25ED56F32 /* [CP] Embed Pods Frameworks */ = {
			isa = PBXShellScriptBuildPhase;
			buildActionMask = 2147483647;
			files = (
			);
			inputFileListPaths = (
				"${PODS_ROOT}/Target Support Files/Pods-weather-practice/Pods-weather-practice-frameworks-${CONFIGURATION}-input-files.xcfilelist",
			);
			name = "[CP] Embed Pods Frameworks";
			outputFileListPaths = (
				"${PODS_ROOT}/Target Support Files/Pods-weather-practice/Pods-weather-practice-frameworks-${CONFIGURATION}-output-files.xcfilelist",
			);
			runOnlyForDeploymentPostprocessing = 0;
			shellPath = /bin/sh;
			shellScript = "\"${PODS_ROOT}/Target Support Files/Pods-weather-practice/Pods-weather-practice-frameworks.sh\"\n";
			showEnvVarsInLog = 0;
		};
/* End PBXShellScriptBuildPhase section */

/* Begin PBXSourcesBuildPhase section */
		34E055EB23F45769006E53E0 /* Sources */ = {
			isa = PBXSourcesBuildPhase;
			buildActionMask = 2147483647;
			files = (
				34E055F723F45769006E53E0 /* ViewController.swift in Sources */,
				3445112C23F46887007F02A7 /* WeatherAPI.swift in Sources */,
				34E055F323F45769006E53E0 /* AppDelegate.swift in Sources */,
				34E055F523F45769006E53E0 /* SceneDelegate.swift in Sources */,
			);
			runOnlyForDeploymentPostprocessing = 0;
		};
		34E0560123F4576D006E53E0 /* Sources */ = {
			isa = PBXSourcesBuildPhase;
			buildActionMask = 2147483647;
			files = (
				34E0560A23F4576D006E53E0 /* weather_practiceTests.swift in Sources */,
			);
			runOnlyForDeploymentPostprocessing = 0;
		};
		34E0560C23F4576D006E53E0 /* Sources */ = {
			isa = PBXSourcesBuildPhase;
			buildActionMask = 2147483647;
			files = (
				34E0561523F4576D006E53E0 /* weather_practiceUITests.swift in Sources */,
			);
			runOnlyForDeploymentPostprocessing = 0;
		};
/* End PBXSourcesBuildPhase section */

/* Begin PBXTargetDependency section */
		34E0560723F4576D006E53E0 /* PBXTargetDependency */ = {
			isa = PBXTargetDependency;
			target = 34E055EE23F45769006E53E0 /* weather-practice */;
			targetProxy = 34E0560623F4576D006E53E0 /* PBXContainerItemProxy */;
		};
		34E0561223F4576D006E53E0 /* PBXTargetDependency */ = {
			isa = PBXTargetDependency;
			target = 34E055EE23F45769006E53E0 /* weather-practice */;
			targetProxy = 34E0561123F4576D006E53E0 /* PBXContainerItemProxy */;
		};
/* End PBXTargetDependency section */

/* Begin PBXVariantGroup section */
		34E055F823F45769006E53E0 /* Main.storyboard */ = {
			isa = PBXVariantGroup;
			children = (
				34E055F923F45769006E53E0 /* Base */,
			);
			name = Main.storyboard;
			sourceTree = "<group>";
		};
		34E055FD23F4576C006E53E0 /* LaunchScreen.storyboard */ = {
			isa = PBXVariantGroup;
			children = (
				34E055FE23F4576C006E53E0 /* Base */,
			);
			name = LaunchScreen.storyboard;
			sourceTree = "<group>";
		};
/* End PBXVariantGroup section */

/* Begin XCBuildConfiguration section */
		34E0561723F4576D006E53E0 /* Debug */ = {
			isa = XCBuildConfiguration;
			buildSettings = {
				ALWAYS_SEARCH_USER_PATHS = NO;
				CLANG_ANALYZER_NONNULL = YES;
				CLANG_ANALYZER_NUMBER_OBJECT_CONVERSION = YES_AGGRESSIVE;
				CLANG_CXX_LANGUAGE_STANDARD = "gnu++14";
				CLANG_CXX_LIBRARY = "libc++";
				CLANG_ENABLE_MODULES = YES;
				CLANG_ENABLE_OBJC_ARC = YES;
				CLANG_ENABLE_OBJC_WEAK = YES;
				CLANG_WARN_BLOCK_CAPTURE_AUTORELEASING = YES;
				CLANG_WARN_BOOL_CONVERSION = YES;
				CLANG_WARN_COMMA = YES;
				CLANG_WARN_CONSTANT_CONVERSION = YES;
				CLANG_WARN_DEPRECATED_OBJC_IMPLEMENTATIONS = YES;
				CLANG_WARN_DIRECT_OBJC_ISA_USAGE = YES_ERROR;
				CLANG_WARN_DOCUMENTATION_COMMENTS = YES;
				CLANG_WARN_EMPTY_BODY = YES;
				CLANG_WARN_ENUM_CONVERSION = YES;
				CLANG_WARN_INFINITE_RECURSION = YES;
				CLANG_WARN_INT_CONVERSION = YES;
				CLANG_WARN_NON_LITERAL_NULL_CONVERSION = YES;
				CLANG_WARN_OBJC_IMPLICIT_RETAIN_SELF = YES;
				CLANG_WARN_OBJC_LITERAL_CONVERSION = YES;
				CLANG_WARN_OBJC_ROOT_CLASS = YES_ERROR;
				CLANG_WARN_RANGE_LOOP_ANALYSIS = YES;
				CLANG_WARN_STRICT_PROTOTYPES = YES;
				CLANG_WARN_SUSPICIOUS_MOVE = YES;
				CLANG_WARN_UNGUARDED_AVAILABILITY = YES_AGGRESSIVE;
				CLANG_WARN_UNREACHABLE_CODE = YES;
				CLANG_WARN__DUPLICATE_METHOD_MATCH = YES;
				COPY_PHASE_STRIP = NO;
				DEBUG_INFORMATION_FORMAT = dwarf;
				ENABLE_STRICT_OBJC_MSGSEND = YES;
				ENABLE_TESTABILITY = YES;
				GCC_C_LANGUAGE_STANDARD = gnu11;
				GCC_DYNAMIC_NO_PIC = NO;
				GCC_NO_COMMON_BLOCKS = YES;
				GCC_OPTIMIZATION_LEVEL = 0;
				GCC_PREPROCESSOR_DEFINITIONS = (
					"DEBUG=1",
					"$(inherited)",
				);
				GCC_WARN_64_TO_32_BIT_CONVERSION = YES;
				GCC_WARN_ABOUT_RETURN_TYPE = YES_ERROR;
				GCC_WARN_UNDECLARED_SELECTOR = YES;
				GCC_WARN_UNINITIALIZED_AUTOS = YES_AGGRESSIVE;
				GCC_WARN_UNUSED_FUNCTION = YES;
				GCC_WARN_UNUSED_VARIABLE = YES;
				IPHONEOS_DEPLOYMENT_TARGET = 13.2;
				MTL_ENABLE_DEBUG_INFO = INCLUDE_SOURCE;
				MTL_FAST_MATH = YES;
				ONLY_ACTIVE_ARCH = YES;
				SDKROOT = iphoneos;
				SWIFT_ACTIVE_COMPILATION_CONDITIONS = DEBUG;
				SWIFT_OPTIMIZATION_LEVEL = "-Onone";
			};
			name = Debug;
		};
		34E0561823F4576D006E53E0 /* Release */ = {
			isa = XCBuildConfiguration;
			buildSettings = {
				ALWAYS_SEARCH_USER_PATHS = NO;
				CLANG_ANALYZER_NONNULL = YES;
				CLANG_ANALYZER_NUMBER_OBJECT_CONVERSION = YES_AGGRESSIVE;
				CLANG_CXX_LANGUAGE_STANDARD = "gnu++14";
				CLANG_CXX_LIBRARY = "libc++";
				CLANG_ENABLE_MODULES = YES;
				CLANG_ENABLE_OBJC_ARC = YES;
				CLANG_ENABLE_OBJC_WEAK = YES;
				CLANG_WARN_BLOCK_CAPTURE_AUTORELEASING = YES;
				CLANG_WARN_BOOL_CONVERSION = YES;
				CLANG_WARN_COMMA = YES;
				CLANG_WARN_CONSTANT_CONVERSION = YES;
				CLANG_WARN_DEPRECATED_OBJC_IMPLEMENTATIONS = YES;
				CLANG_WARN_DIRECT_OBJC_ISA_USAGE = YES_ERROR;
				CLANG_WARN_DOCUMENTATION_COMMENTS = YES;
				CLANG_WARN_EMPTY_BODY = YES;
				CLANG_WARN_ENUM_CONVERSION = YES;
				CLANG_WARN_INFINITE_RECURSION = YES;
				CLANG_WARN_INT_CONVERSION = YES;
				CLANG_WARN_NON_LITERAL_NULL_CONVERSION = YES;
				CLANG_WARN_OBJC_IMPLICIT_RETAIN_SELF = YES;
				CLANG_WARN_OBJC_LITERAL_CONVERSION = YES;
				CLANG_WARN_OBJC_ROOT_CLASS = YES_ERROR;
				CLANG_WARN_RANGE_LOOP_ANALYSIS = YES;
				CLANG_WARN_STRICT_PROTOTYPES = YES;
				CLANG_WARN_SUSPICIOUS_MOVE = YES;
				CLANG_WARN_UNGUARDED_AVAILABILITY = YES_AGGRESSIVE;
				CLANG_WARN_UNREACHABLE_CODE = YES;
				CLANG_WARN__DUPLICATE_METHOD_MATCH = YES;
				COPY_PHASE_STRIP = NO;
				DEBUG_INFORMATION_FORMAT = "dwarf-with-dsym";
				ENABLE_NS_ASSERTIONS = NO;
				ENABLE_STRICT_OBJC_MSGSEND = YES;
				GCC_C_LANGUAGE_STANDARD = gnu11;
				GCC_NO_COMMON_BLOCKS = YES;
				GCC_WARN_64_TO_32_BIT_CONVERSION = YES;
				GCC_WARN_ABOUT_RETURN_TYPE = YES_ERROR;
				GCC_WARN_UNDECLARED_SELECTOR = YES;
				GCC_WARN_UNINITIALIZED_AUTOS = YES_AGGRESSIVE;
				GCC_WARN_UNUSED_FUNCTION = YES;
				GCC_WARN_UNUSED_VARIABLE = YES;
				IPHONEOS_DEPLOYMENT_TARGET = 13.2;
				MTL_ENABLE_DEBUG_INFO = NO;
				MTL_FAST_MATH = YES;
				SDKROOT = iphoneos;
				SWIFT_COMPILATION_MODE = wholemodule;
				SWIFT_OPTIMIZATION_LEVEL = "-O";
				VALIDATE_PRODUCT = YES;
			};
			name = Release;
		};
		34E0561A23F4576D006E53E0 /* Debug */ = {
			isa = XCBuildConfiguration;
			baseConfigurationReference = 43F35C4345EADB5086C34AA6 /* Pods-weather-practice.debug.xcconfig */;
			buildSettings = {
				ASSETCATALOG_COMPILER_APPICON_NAME = AppIcon;
				CODE_SIGN_STYLE = Automatic;
				DEVELOPMENT_TEAM = Y5KC3FXWNQ;
				INFOPLIST_FILE = "weather-practice/Info.plist";
				LD_RUNPATH_SEARCH_PATHS = (
					"$(inherited)",
					"@executable_path/Frameworks",
				);
				PRODUCT_BUNDLE_IDENTIFIER = "com.niftytreestudios.weather-practice";
				PRODUCT_NAME = "$(TARGET_NAME)";
				SWIFT_VERSION = 5.0;
				TARGETED_DEVICE_FAMILY = "1,2";
			};
			name = Debug;
		};
		34E0561B23F4576D006E53E0 /* Release */ = {
			isa = XCBuildConfiguration;
			baseConfigurationReference = 0676FBA580D7F6F337D42051 /* Pods-weather-practice.release.xcconfig */;
			buildSettings = {
				ASSETCATALOG_COMPILER_APPICON_NAME = AppIcon;
				CODE_SIGN_STYLE = Automatic;
				DEVELOPMENT_TEAM = Y5KC3FXWNQ;
				INFOPLIST_FILE = "weather-practice/Info.plist";
				LD_RUNPATH_SEARCH_PATHS = (
					"$(inherited)",
					"@executable_path/Frameworks",
				);
				PRODUCT_BUNDLE_IDENTIFIER = "com.niftytreestudios.weather-practice";
				PRODUCT_NAME = "$(TARGET_NAME)";
				SWIFT_VERSION = 5.0;
				TARGETED_DEVICE_FAMILY = "1,2";
			};
			name = Release;
		};
		34E0561D23F4576D006E53E0 /* Debug */ = {
			isa = XCBuildConfiguration;
			baseConfigurationReference = D6B1976D430824DED1A8FF91 /* Pods-weather-practiceTests.debug.xcconfig */;
			buildSettings = {
				ALWAYS_EMBED_SWIFT_STANDARD_LIBRARIES = YES;
				BUNDLE_LOADER = "$(TEST_HOST)";
				CODE_SIGN_STYLE = Automatic;
				DEVELOPMENT_TEAM = Y5KC3FXWNQ;
				INFOPLIST_FILE = "weather-practiceTests/Info.plist";
				IPHONEOS_DEPLOYMENT_TARGET = 13.2;
				LD_RUNPATH_SEARCH_PATHS = (
					"$(inherited)",
					"@executable_path/Frameworks",
					"@loader_path/Frameworks",
				);
				PRODUCT_BUNDLE_IDENTIFIER = "com.niftytreestudios.weather-practiceTests";
				PRODUCT_NAME = "$(TARGET_NAME)";
				SWIFT_VERSION = 5.0;
				TARGETED_DEVICE_FAMILY = "1,2";
				TEST_HOST = "$(BUILT_PRODUCTS_DIR)/weather-practice.app/weather-practice";
			};
			name = Debug;
		};
		34E0561E23F4576D006E53E0 /* Release */ = {
			isa = XCBuildConfiguration;
			baseConfigurationReference = 7316D1BCDE59F5BCD9A107D6 /* Pods-weather-practiceTests.release.xcconfig */;
			buildSettings = {
				ALWAYS_EMBED_SWIFT_STANDARD_LIBRARIES = YES;
				BUNDLE_LOADER = "$(TEST_HOST)";
				CODE_SIGN_STYLE = Automatic;
				DEVELOPMENT_TEAM = Y5KC3FXWNQ;
				INFOPLIST_FILE = "weather-practiceTests/Info.plist";
				IPHONEOS_DEPLOYMENT_TARGET = 13.2;
				LD_RUNPATH_SEARCH_PATHS = (
					"$(inherited)",
					"@executable_path/Frameworks",
					"@loader_path/Frameworks",
				);
				PRODUCT_BUNDLE_IDENTIFIER = "com.niftytreestudios.weather-practiceTests";
				PRODUCT_NAME = "$(TARGET_NAME)";
				SWIFT_VERSION = 5.0;
				TARGETED_DEVICE_FAMILY = "1,2";
				TEST_HOST = "$(BUILT_PRODUCTS_DIR)/weather-practice.app/weather-practice";
			};
			name = Release;
		};
		34E0562023F4576D006E53E0 /* Debug */ = {
			isa = XCBuildConfiguration;
			baseConfigurationReference = DCAA160467CE46CEC9AF3817 /* Pods-weather-practice-weather-practiceUITests.debug.xcconfig */;
			buildSettings = {
				ALWAYS_EMBED_SWIFT_STANDARD_LIBRARIES = YES;
				CODE_SIGN_STYLE = Automatic;
				DEVELOPMENT_TEAM = Y5KC3FXWNQ;
				INFOPLIST_FILE = "weather-practiceUITests/Info.plist";
				LD_RUNPATH_SEARCH_PATHS = (
					"$(inherited)",
					"@executable_path/Frameworks",
					"@loader_path/Frameworks",
				);
				PRODUCT_BUNDLE_IDENTIFIER = "com.niftytreestudios.weather-practiceUITests";
				PRODUCT_NAME = "$(TARGET_NAME)";
				SWIFT_VERSION = 5.0;
				TARGETED_DEVICE_FAMILY = "1,2";
				TEST_TARGET_NAME = "weather-practice";
			};
			name = Debug;
		};
		34E0562123F4576D006E53E0 /* Release */ = {
			isa = XCBuildConfiguration;
			baseConfigurationReference = 636770F812D73EBD87ACADAA /* Pods-weather-practice-weather-practiceUITests.release.xcconfig */;
			buildSettings = {
				ALWAYS_EMBED_SWIFT_STANDARD_LIBRARIES = YES;
				CODE_SIGN_STYLE = Automatic;
				DEVELOPMENT_TEAM = Y5KC3FXWNQ;
				INFOPLIST_FILE = "weather-practiceUITests/Info.plist";
				LD_RUNPATH_SEARCH_PATHS = (
					"$(inherited)",
					"@executable_path/Frameworks",
					"@loader_path/Frameworks",
				);
				PRODUCT_BUNDLE_IDENTIFIER = "com.niftytreestudios.weather-practiceUITests";
				PRODUCT_NAME = "$(TARGET_NAME)";
				SWIFT_VERSION = 5.0;
				TARGETED_DEVICE_FAMILY = "1,2";
				TEST_TARGET_NAME = "weather-practice";
			};
			name = Release;
		};
/* End XCBuildConfiguration section */

/* Begin XCConfigurationList section */
		34E055EA23F45769006E53E0 /* Build configuration list for PBXProject "weather-practice" */ = {
			isa = XCConfigurationList;
			buildConfigurations = (
				34E0561723F4576D006E53E0 /* Debug */,
				34E0561823F4576D006E53E0 /* Release */,
			);
			defaultConfigurationIsVisible = 0;
			defaultConfigurationName = Release;
		};
		34E0561923F4576D006E53E0 /* Build configuration list for PBXNativeTarget "weather-practice" */ = {
			isa = XCConfigurationList;
			buildConfigurations = (
				34E0561A23F4576D006E53E0 /* Debug */,
				34E0561B23F4576D006E53E0 /* Release */,
			);
			defaultConfigurationIsVisible = 0;
			defaultConfigurationName = Release;
		};
		34E0561C23F4576D006E53E0 /* Build configuration list for PBXNativeTarget "weather-practiceTests" */ = {
			isa = XCConfigurationList;
			buildConfigurations = (
				34E0561D23F4576D006E53E0 /* Debug */,
				34E0561E23F4576D006E53E0 /* Release */,
			);
			defaultConfigurationIsVisible = 0;
			defaultConfigurationName = Release;
		};
		34E0561F23F4576D006E53E0 /* Build configuration list for PBXNativeTarget "weather-practiceUITests" */ = {
			isa = XCConfigurationList;
			buildConfigurations = (
				34E0562023F4576D006E53E0 /* Debug */,
				34E0562123F4576D006E53E0 /* Release */,
			);
			defaultConfigurationIsVisible = 0;
			defaultConfigurationName = Release;
		};
/* End XCConfigurationList section */
	};
	rootObject = 34E055E723F45769006E53E0 /* Project object */;
}
